
Microsoft Visual Studio Solution File, Format Version 12.00
# Visual Studio Version 17
VisualStudioVersion = 17.2.32516.85
MinimumVisualStudioVersion = 10.0.40219.1
Project("{FAE04EC0-301F-11D3-BF4B-00C04F79EFBC}") = "HangFireWork.App", "HangFireWork.App\HangFireWork.App.csproj", "{97319A38-64D0-4EEC-BE26-A368A7C94F0F}"
EndProject
Global
	GlobalSection(SolutionConfigurationPlatforms) = preSolution
		Debug|Any CPU = Debug|Any CPU
		Release|Any CPU = Release|Any CPU
	EndGlobalSection
	GlobalSection(ProjectConfigurationPlatforms) = postSolution
		{97319A38-64D0-4EEC-BE26-A368A7C94F0F}.Debug|Any CPU.ActiveCfg = Debug|Any CPU
		{97319A38-64D0-4EEC-BE26-A368A7C94F0F}.Debug|Any CPU.Build.0 = Debug|Any CPU
		{97319A38-64D0-4EEC-BE26-A368A7C94F0F}.Release|Any CPU.ActiveCfg = Release|Any CPU
		{97319A38-64D0-4EEC-BE26-A368A7C94F0F}.Release|Any CPU.Build.0 = Release|Any CPU
	EndGlobalSection
	GlobalSection(SolutionProperties) = preSolution
		HideSolutionNode = FALSE
	EndGlobalSection
	GlobalSection(ExtensibilityGlobals) = postSolution
		SolutionGuid = {62053DA4-D1D9-4D4E-ACAB-54508516DED1}
	EndGlobalSection
EndGlobal
